// !$*UTF8*$!
{
	archiveVersion = 1;
	classes = {
	};
	objectVersion = 50;
	objects = {

/* Begin PBXBuildFile section */
		2217EF5B2466855E0065E17F /* AppDelegate.swift in Sources */ = {isa = PBXBuildFile; fileRef = 2217EF5A2466855E0065E17F /* AppDelegate.swift */; };
		2217EF5D2466855E0065E17F /* SceneDelegate.swift in Sources */ = {isa = PBXBuildFile; fileRef = 2217EF5C2466855E0065E17F /* SceneDelegate.swift */; };
		2217EF622466855E0065E17F /* Main.storyboard in Resources */ = {isa = PBXBuildFile; fileRef = 2217EF602466855E0065E17F /* Main.storyboard */; };
		2217EF642466855E0065E17F /* Assets.xcassets in Resources */ = {isa = PBXBuildFile; fileRef = 2217EF632466855E0065E17F /* Assets.xcassets */; };
		2217EF672466855E0065E17F /* LaunchScreen.storyboard in Resources */ = {isa = PBXBuildFile; fileRef = 2217EF652466855E0065E17F /* LaunchScreen.storyboard */; };
		2217EF722466855E0065E17F /* MatchesManagerTests.swift in Sources */ = {isa = PBXBuildFile; fileRef = 2217EF712466855E0065E17F /* MatchesManagerTests.swift */; };
		2217EF85246686F00065E17F /* Matches.swift in Sources */ = {isa = PBXBuildFile; fileRef = 2217EF84246686F00065E17F /* Matches.swift */; };
		2217EF87246687C90065E17F /* APIRouter.swift in Sources */ = {isa = PBXBuildFile; fileRef = 2217EF86246687C90065E17F /* APIRouter.swift */; };
		2217EF89246687E60065E17F /* Constants.swift in Sources */ = {isa = PBXBuildFile; fileRef = 2217EF88246687E60065E17F /* Constants.swift */; };
		2217EF8C246688420065E17F /* Extensions.swift in Sources */ = {isa = PBXBuildFile; fileRef = 2217EF8B246688420065E17F /* Extensions.swift */; };
		2217EF8F246688700065E17F /* JsonHelper.swift in Sources */ = {isa = PBXBuildFile; fileRef = 2217EF8E246688700065E17F /* JsonHelper.swift */; };
		2217EF91246688DC0065E17F /* MatchesAPIRouter.swift in Sources */ = {isa = PBXBuildFile; fileRef = 2217EF90246688DC0065E17F /* MatchesAPIRouter.swift */; };
		2217EF94246689390065E17F /* EndPoint.swift in Sources */ = {isa = PBXBuildFile; fileRef = 2217EF93246689390065E17F /* EndPoint.swift */; };
		2217EF97246689B70065E17F /* MatchesInteractor.swift in Sources */ = {isa = PBXBuildFile; fileRef = 2217EF96246689B70065E17F /* MatchesInteractor.swift */; };
		2217EF99246689D90065E17F /* MatchesViewController.swift in Sources */ = {isa = PBXBuildFile; fileRef = 2217EF98246689D90065E17F /* MatchesViewController.swift */; };
		2217EF9B246689E70065E17F /* MatchesPresenter.swift in Sources */ = {isa = PBXBuildFile; fileRef = 2217EF9A246689E70065E17F /* MatchesPresenter.swift */; };
		2217EF9D246689F40065E17F /* MatchesRouter.swift in Sources */ = {isa = PBXBuildFile; fileRef = 2217EF9C246689F40065E17F /* MatchesRouter.swift */; };
		2217EF9F24668B500065E17F /* MatchRequest.swift in Sources */ = {isa = PBXBuildFile; fileRef = 2217EF9E24668B500065E17F /* MatchRequest.swift */; };
		2217EFA124668BAA0065E17F /* MatchesWorker.swift in Sources */ = {isa = PBXBuildFile; fileRef = 2217EFA024668BAA0065E17F /* MatchesWorker.swift */; };
		2217EFA324668BC70065E17F /* DataProvider.swift in Sources */ = {isa = PBXBuildFile; fileRef = 2217EFA224668BC70065E17F /* DataProvider.swift */; };
		2217EFA524668C1F0065E17F /* MatchesService.swift in Sources */ = {isa = PBXBuildFile; fileRef = 2217EFA424668C1F0065E17F /* MatchesService.swift */; };
		2217EFA724668C630065E17F /* NetworkServiceManager.swift in Sources */ = {isa = PBXBuildFile; fileRef = 2217EFA624668C620065E17F /* NetworkServiceManager.swift */; };
		22B6262A24668DCC00C0D07C /* BaseService.swift in Sources */ = {isa = PBXBuildFile; fileRef = 22B6262924668DCC00C0D07C /* BaseService.swift */; };
		22B6262C24668E9300C0D07C /* BaseWorker.swift in Sources */ = {isa = PBXBuildFile; fileRef = 22B6262B24668E9300C0D07C /* BaseWorker.swift */; };
		22B6262E2466917400C0D07C /* MatchesModel.swift in Sources */ = {isa = PBXBuildFile; fileRef = 22B6262D2466917400C0D07C /* MatchesModel.swift */; };
		22B626302466A07100C0D07C /* MatchDetailTableViewCell.swift in Sources */ = {isa = PBXBuildFile; fileRef = 22B6262F2466A07100C0D07C /* MatchDetailTableViewCell.swift */; };
		22B626352466A99000C0D07C /* SWRevealViewController.m in Sources */ = {isa = PBXBuildFile; fileRef = 22B626342466A99000C0D07C /* SWRevealViewController.m */; };
		22B626372466AAE000C0D07C /* MenuTableViewController.swift in Sources */ = {isa = PBXBuildFile; fileRef = 22B626362466AAE000C0D07C /* MenuTableViewController.swift */; };
		22B6263A2466B5AE00C0D07C /* DBHelper.swift in Sources */ = {isa = PBXBuildFile; fileRef = 22B626392466B5AE00C0D07C /* DBHelper.swift */; };
		22B6263C2466B6DC00C0D07C /* SavedMatch.swift in Sources */ = {isa = PBXBuildFile; fileRef = 22B6263B2466B6DC00C0D07C /* SavedMatch.swift */; };
/* End PBXBuildFile section */

/* Begin PBXContainerItemProxy section */
		2217EF6E2466855E0065E17F /* PBXContainerItemProxy */ = {
			isa = PBXContainerItemProxy;
			containerPortal = 2217EF4F2466855E0065E17F /* Project object */;
			proxyType = 1;
			remoteGlobalIDString = 2217EF562466855E0065E17F;
			remoteInfo = MatchesManager;
		};
/* End PBXContainerItemProxy section */

/* Begin PBXFileReference section */
		2217EF572466855E0065E17F /* MatchesManager.app */ = {isa = PBXFileReference; explicitFileType = wrapper.application; includeInIndex = 0; path = MatchesManager.app; sourceTree = BUILT_PRODUCTS_DIR; };
		2217EF5A2466855E0065E17F /* AppDelegate.swift */ = {isa = PBXFileReference; lastKnownFileType = sourcecode.swift; path = AppDelegate.swift; sourceTree = "<group>"; };
		2217EF5C2466855E0065E17F /* SceneDelegate.swift */ = {isa = PBXFileReference; lastKnownFileType = sourcecode.swift; path = SceneDelegate.swift; sourceTree = "<group>"; };
		2217EF612466855E0065E17F /* Base */ = {isa = PBXFileReference; lastKnownFileType = file.storyboard; name = Base; path = Base.lproj/Main.storyboard; sourceTree = "<group>"; };
		2217EF632466855E0065E17F /* Assets.xcassets */ = {isa = PBXFileReference; lastKnownFileType = folder.assetcatalog; path = Assets.xcassets; sourceTree = "<group>"; };
		2217EF662466855E0065E17F /* Base */ = {isa = PBXFileReference; lastKnownFileType = file.storyboard; name = Base; path = Base.lproj/LaunchScreen.storyboard; sourceTree = "<group>"; };
		2217EF682466855E0065E17F /* Info.plist */ = {isa = PBXFileReference; lastKnownFileType = text.plist.xml; path = Info.plist; sourceTree = "<group>"; };
		2217EF6D2466855E0065E17F /* MatchesManagerTests.xctest */ = {isa = PBXFileReference; explicitFileType = wrapper.cfbundle; includeInIndex = 0; path = MatchesManagerTests.xctest; sourceTree = BUILT_PRODUCTS_DIR; };
		2217EF712466855E0065E17F /* MatchesManagerTests.swift */ = {isa = PBXFileReference; lastKnownFileType = sourcecode.swift; path = MatchesManagerTests.swift; sourceTree = "<group>"; };
		2217EF732466855E0065E17F /* Info.plist */ = {isa = PBXFileReference; lastKnownFileType = text.plist.xml; path = Info.plist; sourceTree = "<group>"; };
		2217EF84246686F00065E17F /* Matches.swift */ = {isa = PBXFileReference; lastKnownFileType = sourcecode.swift; path = Matches.swift; sourceTree = "<group>"; };
		2217EF86246687C90065E17F /* APIRouter.swift */ = {isa = PBXFileReference; lastKnownFileType = sourcecode.swift; path = APIRouter.swift; sourceTree = "<group>"; };
		2217EF88246687E60065E17F /* Constants.swift */ = {isa = PBXFileReference; lastKnownFileType = sourcecode.swift; path = Constants.swift; sourceTree = "<group>"; };
		2217EF8B246688420065E17F /* Extensions.swift */ = {isa = PBXFileReference; lastKnownFileType = sourcecode.swift; path = Extensions.swift; sourceTree = "<group>"; };
		2217EF8E246688700065E17F /* JsonHelper.swift */ = {isa = PBXFileReference; lastKnownFileType = sourcecode.swift; path = JsonHelper.swift; sourceTree = "<group>"; };
		2217EF90246688DC0065E17F /* MatchesAPIRouter.swift */ = {isa = PBXFileReference; lastKnownFileType = sourcecode.swift; path = MatchesAPIRouter.swift; sourceTree = "<group>"; };
		2217EF93246689390065E17F /* EndPoint.swift */ = {isa = PBXFileReference; lastKnownFileType = sourcecode.swift; path = EndPoint.swift; sourceTree = "<group>"; };
		2217EF96246689B70065E17F /* MatchesInteractor.swift */ = {isa = PBXFileReference; lastKnownFileType = sourcecode.swift; path = MatchesInteractor.swift; sourceTree = "<group>"; };
		2217EF98246689D90065E17F /* MatchesViewController.swift */ = {isa = PBXFileReference; lastKnownFileType = sourcecode.swift; path = MatchesViewController.swift; sourceTree = "<group>"; };
		2217EF9A246689E70065E17F /* MatchesPresenter.swift */ = {isa = PBXFileReference; lastKnownFileType = sourcecode.swift; path = MatchesPresenter.swift; sourceTree = "<group>"; };
		2217EF9C246689F40065E17F /* MatchesRouter.swift */ = {isa = PBXFileReference; lastKnownFileType = sourcecode.swift; path = MatchesRouter.swift; sourceTree = "<group>"; };
		2217EF9E24668B500065E17F /* MatchRequest.swift */ = {isa = PBXFileReference; lastKnownFileType = sourcecode.swift; path = MatchRequest.swift; sourceTree = "<group>"; };
		2217EFA024668BAA0065E17F /* MatchesWorker.swift */ = {isa = PBXFileReference; lastKnownFileType = sourcecode.swift; path = MatchesWorker.swift; sourceTree = "<group>"; };
		2217EFA224668BC70065E17F /* DataProvider.swift */ = {isa = PBXFileReference; lastKnownFileType = sourcecode.swift; path = DataProvider.swift; sourceTree = "<group>"; };
		2217EFA424668C1F0065E17F /* MatchesService.swift */ = {isa = PBXFileReference; lastKnownFileType = sourcecode.swift; path = MatchesService.swift; sourceTree = "<group>"; };
		2217EFA624668C620065E17F /* NetworkServiceManager.swift */ = {isa = PBXFileReference; lastKnownFileType = sourcecode.swift; path = NetworkServiceManager.swift; sourceTree = "<group>"; };
		22B6262924668DCC00C0D07C /* BaseService.swift */ = {isa = PBXFileReference; lastKnownFileType = sourcecode.swift; path = BaseService.swift; sourceTree = "<group>"; };
		22B6262B24668E9300C0D07C /* BaseWorker.swift */ = {isa = PBXFileReference; lastKnownFileType = sourcecode.swift; path = BaseWorker.swift; sourceTree = "<group>"; };
		22B6262D2466917400C0D07C /* MatchesModel.swift */ = {isa = PBXFileReference; lastKnownFileType = sourcecode.swift; path = MatchesModel.swift; sourceTree = "<group>"; };
		22B6262F2466A07100C0D07C /* MatchDetailTableViewCell.swift */ = {isa = PBXFileReference; lastKnownFileType = sourcecode.swift; path = MatchDetailTableViewCell.swift; sourceTree = "<group>"; };
		22B626322466A98F00C0D07C /* MatchesManager-Bridging-Header.h */ = {isa = PBXFileReference; lastKnownFileType = sourcecode.c.h; path = "MatchesManager-Bridging-Header.h"; sourceTree = "<group>"; };
		22B626332466A99000C0D07C /* SWRevealViewController.h */ = {isa = PBXFileReference; fileEncoding = 4; lastKnownFileType = sourcecode.c.h; path = SWRevealViewController.h; sourceTree = "<group>"; };
		22B626342466A99000C0D07C /* SWRevealViewController.m */ = {isa = PBXFileReference; fileEncoding = 4; lastKnownFileType = sourcecode.c.objc; path = SWRevealViewController.m; sourceTree = "<group>"; };
		22B626362466AAE000C0D07C /* MenuTableViewController.swift */ = {isa = PBXFileReference; lastKnownFileType = sourcecode.swift; path = MenuTableViewController.swift; sourceTree = "<group>"; };
		22B626392466B5AE00C0D07C /* DBHelper.swift */ = {isa = PBXFileReference; lastKnownFileType = sourcecode.swift; path = DBHelper.swift; sourceTree = "<group>"; };
		22B6263B2466B6DC00C0D07C /* SavedMatch.swift */ = {isa = PBXFileReference; lastKnownFileType = sourcecode.swift; path = SavedMatch.swift; sourceTree = "<group>"; };
/* End PBXFileReference section */

/* Begin PBXFrameworksBuildPhase section */
		2217EF542466855E0065E17F /* Frameworks */ = {
			isa = PBXFrameworksBuildPhase;
			buildActionMask = 2147483647;
			files = (
			);
			runOnlyForDeploymentPostprocessing = 0;
		};
		2217EF6A2466855E0065E17F /* Frameworks */ = {
			isa = PBXFrameworksBuildPhase;
			buildActionMask = 2147483647;
			files = (
			);
			runOnlyForDeploymentPostprocessing = 0;
		};
/* End PBXFrameworksBuildPhase section */

/* Begin PBXGroup section */
		2217EF4E2466855E0065E17F = {
			isa = PBXGroup;
			children = (
				2217EF592466855E0065E17F /* MatchesManager */,
				2217EF702466855E0065E17F /* MatchesManagerTests */,
				2217EF582466855E0065E17F /* Products */,
			);
			sourceTree = "<group>";
		};
		2217EF582466855E0065E17F /* Products */ = {
			isa = PBXGroup;
			children = (
				2217EF572466855E0065E17F /* MatchesManager.app */,
				2217EF6D2466855E0065E17F /* MatchesManagerTests.xctest */,
			);
			name = Products;
			sourceTree = "<group>";
		};
		2217EF592466855E0065E17F /* MatchesManager */ = {
			isa = PBXGroup;
			children = (
				2217EF7C246685CB0065E17F /* Model */,
				2217EF7D246685D60065E17F /* Services */,
				2217EF7E246685E90065E17F /* Workers */,
				2217EF802466860D0065E17F /* Utilities */,
				2217EF7F246685FB0065E17F /* Views */,
				2217EF5A2466855E0065E17F /* AppDelegate.swift */,
				2217EF5C2466855E0065E17F /* SceneDelegate.swift */,
				2217EF602466855E0065E17F /* Main.storyboard */,
				2217EF632466855E0065E17F /* Assets.xcassets */,
				2217EF652466855E0065E17F /* LaunchScreen.storyboard */,
				2217EF682466855E0065E17F /* Info.plist */,
			);
			path = MatchesManager;
			sourceTree = "<group>";
		};
		2217EF702466855E0065E17F /* MatchesManagerTests */ = {
			isa = PBXGroup;
			children = (
				2217EF712466855E0065E17F /* MatchesManagerTests.swift */,
				2217EF732466855E0065E17F /* Info.plist */,
			);
			path = MatchesManagerTests;
			sourceTree = "<group>";
		};
		2217EF7C246685CB0065E17F /* Model */ = {
			isa = PBXGroup;
			children = (
				2217EF84246686F00065E17F /* Matches.swift */,
				2217EF9E24668B500065E17F /* MatchRequest.swift */,
				22B6263B2466B6DC00C0D07C /* SavedMatch.swift */,
			);
			path = Model;
			sourceTree = "<group>";
		};
		2217EF7D246685D60065E17F /* Services */ = {
			isa = PBXGroup;
			children = (
				22B626382466B59900C0D07C /* DatabaseHelper */,
				2217EF832466863E0065E17F /* API */,
				2217EF812466861E0065E17F /* Providers */,
				2217EF82246686250065E17F /* Routers */,
			);
			path = Services;
			sourceTree = "<group>";
		};
		2217EF7E246685E90065E17F /* Workers */ = {
			isa = PBXGroup;
			children = (
				22B6262B24668E9300C0D07C /* BaseWorker.swift */,
				2217EFA024668BAA0065E17F /* MatchesWorker.swift */,
			);
			path = Workers;
			sourceTree = "<group>";
		};
		2217EF7F246685FB0065E17F /* Views */ = {
			isa = PBXGroup;
			children = (
				22B626312466A95200C0D07C /* SWRevealViewController */,
				2217EF95246689A30065E17F /* MatchesView */,
			);
			path = Views;
			sourceTree = "<group>";
		};
		2217EF802466860D0065E17F /* Utilities */ = {
			isa = PBXGroup;
			children = (
				2217EF92246689200065E17F /* Constants */,
				2217EF8D2466885B0065E17F /* Wrappers */,
				2217EF8A2466881C0065E17F /* Extensions */,
			);
			path = Utilities;
			sourceTree = "<group>";
		};
		2217EF812466861E0065E17F /* Providers */ = {
			isa = PBXGroup;
			children = (
				2217EFA224668BC70065E17F /* DataProvider.swift */,
			);
			path = Providers;
			sourceTree = "<group>";
		};
		2217EF82246686250065E17F /* Routers */ = {
			isa = PBXGroup;
			children = (
				2217EF86246687C90065E17F /* APIRouter.swift */,
				2217EF90246688DC0065E17F /* MatchesAPIRouter.swift */,
			);
			path = Routers;
			sourceTree = "<group>";
		};
		2217EF832466863E0065E17F /* API */ = {
			isa = PBXGroup;
			children = (
				2217EFA624668C620065E17F /* NetworkServiceManager.swift */,
				22B6262924668DCC00C0D07C /* BaseService.swift */,
				2217EFA424668C1F0065E17F /* MatchesService.swift */,
			);
			path = API;
			sourceTree = "<group>";
		};
		2217EF8A2466881C0065E17F /* Extensions */ = {
			isa = PBXGroup;
			children = (
				2217EF8B246688420065E17F /* Extensions.swift */,
			);
			path = Extensions;
			sourceTree = "<group>";
		};
		2217EF8D2466885B0065E17F /* Wrappers */ = {
			isa = PBXGroup;
			children = (
				2217EF8E246688700065E17F /* JsonHelper.swift */,
			);
			path = Wrappers;
			sourceTree = "<group>";
		};
		2217EF92246689200065E17F /* Constants */ = {
			isa = PBXGroup;
			children = (
				2217EF88246687E60065E17F /* Constants.swift */,
				2217EF93246689390065E17F /* EndPoint.swift */,
			);
			path = Constants;
			sourceTree = "<group>";
		};
		2217EF95246689A30065E17F /* MatchesView */ = {
			isa = PBXGroup;
			children = (
				2217EF98246689D90065E17F /* MatchesViewController.swift */,
				2217EF96246689B70065E17F /* MatchesInteractor.swift */,
				2217EF9A246689E70065E17F /* MatchesPresenter.swift */,
				2217EF9C246689F40065E17F /* MatchesRouter.swift */,
				22B6262D2466917400C0D07C /* MatchesModel.swift */,
				22B6262F2466A07100C0D07C /* MatchDetailTableViewCell.swift */,
			);
			path = MatchesView;
			sourceTree = "<group>";
		};
		22B626312466A95200C0D07C /* SWRevealViewController */ = {
			isa = PBXGroup;
			children = (
				22B626332466A99000C0D07C /* SWRevealViewController.h */,
				22B626342466A99000C0D07C /* SWRevealViewController.m */,
				22B626322466A98F00C0D07C /* MatchesManager-Bridging-Header.h */,
				22B626362466AAE000C0D07C /* MenuTableViewController.swift */,
			);
			path = SWRevealViewController;
			sourceTree = "<group>";
		};
		22B626382466B59900C0D07C /* DatabaseHelper */ = {
			isa = PBXGroup;
			children = (
				22B626392466B5AE00C0D07C /* DBHelper.swift */,
			);
			path = DatabaseHelper;
			sourceTree = "<group>";
		};
/* End PBXGroup section */

/* Begin PBXNativeTarget section */
		2217EF562466855E0065E17F /* MatchesManager */ = {
			isa = PBXNativeTarget;
			buildConfigurationList = 2217EF762466855E0065E17F /* Build configuration list for PBXNativeTarget "MatchesManager" */;
			buildPhases = (
				2217EF532466855E0065E17F /* Sources */,
				2217EF542466855E0065E17F /* Frameworks */,
				2217EF552466855E0065E17F /* Resources */,
			);
			buildRules = (
			);
			dependencies = (
			);
			name = MatchesManager;
			productName = MatchesManager;
			productReference = 2217EF572466855E0065E17F /* MatchesManager.app */;
			productType = "com.apple.product-type.application";
		};
		2217EF6C2466855E0065E17F /* MatchesManagerTests */ = {
			isa = PBXNativeTarget;
			buildConfigurationList = 2217EF792466855E0065E17F /* Build configuration list for PBXNativeTarget "MatchesManagerTests" */;
			buildPhases = (
				2217EF692466855E0065E17F /* Sources */,
				2217EF6A2466855E0065E17F /* Frameworks */,
				2217EF6B2466855E0065E17F /* Resources */,
			);
			buildRules = (
			);
			dependencies = (
				2217EF6F2466855E0065E17F /* PBXTargetDependency */,
			);
			name = MatchesManagerTests;
			productName = MatchesManagerTests;
			productReference = 2217EF6D2466855E0065E17F /* MatchesManagerTests.xctest */;
			productType = "com.apple.product-type.bundle.unit-test";
		};
/* End PBXNativeTarget section */

/* Begin PBXProject section */
		2217EF4F2466855E0065E17F /* Project object */ = {
			isa = PBXProject;
			attributes = {
				LastSwiftUpdateCheck = 1100;
				LastUpgradeCheck = 1100;
				ORGANIZATIONNAME = "Nadaf, Imam";
				TargetAttributes = {
					2217EF562466855E0065E17F = {
						CreatedOnToolsVersion = 11.0;
						LastSwiftMigration = 1100;
					};
					2217EF6C2466855E0065E17F = {
						CreatedOnToolsVersion = 11.0;
						TestTargetID = 2217EF562466855E0065E17F;
					};
				};
			};
			buildConfigurationList = 2217EF522466855E0065E17F /* Build configuration list for PBXProject "MatchesManager" */;
			compatibilityVersion = "Xcode 9.3";
			developmentRegion = en;
			hasScannedForEncodings = 0;
			knownRegions = (
				en,
				Base,
			);
			mainGroup = 2217EF4E2466855E0065E17F;
			productRefGroup = 2217EF582466855E0065E17F /* Products */;
			projectDirPath = "";
			projectRoot = "";
			targets = (
				2217EF562466855E0065E17F /* MatchesManager */,
				2217EF6C2466855E0065E17F /* MatchesManagerTests */,
			);
		};
/* End PBXProject section */

/* Begin PBXResourcesBuildPhase section */
		2217EF552466855E0065E17F /* Resources */ = {
			isa = PBXResourcesBuildPhase;
			buildActionMask = 2147483647;
			files = (
				2217EF672466855E0065E17F /* LaunchScreen.storyboard in Resources */,
				2217EF642466855E0065E17F /* Assets.xcassets in Resources */,
				2217EF622466855E0065E17F /* Main.storyboard in Resources */,
			);
			runOnlyForDeploymentPostprocessing = 0;
		};
		2217EF6B2466855E0065E17F /* Resources */ = {
			isa = PBXResourcesBuildPhase;
			buildActionMask = 2147483647;
			files = (
			);
			runOnlyForDeploymentPostprocessing = 0;
		};
/* End PBXResourcesBuildPhase section */

/* Begin PBXSourcesBuildPhase section */
		2217EF532466855E0065E17F /* Sources */ = {
			isa = PBXSourcesBuildPhase;
			buildActionMask = 2147483647;
			files = (
				2217EFA724668C630065E17F /* NetworkServiceManager.swift in Sources */,
				22B6262C24668E9300C0D07C /* BaseWorker.swift in Sources */,
				2217EF87246687C90065E17F /* APIRouter.swift in Sources */,
				22B626352466A99000C0D07C /* SWRevealViewController.m in Sources */,
				2217EF94246689390065E17F /* EndPoint.swift in Sources */,
				2217EF9B246689E70065E17F /* MatchesPresenter.swift in Sources */,
				2217EF85246686F00065E17F /* Matches.swift in Sources */,
				2217EF5B2466855E0065E17F /* AppDelegate.swift in Sources */,
				2217EF91246688DC0065E17F /* MatchesAPIRouter.swift in Sources */,
				22B6262E2466917400C0D07C /* MatchesModel.swift in Sources */,
				22B6262A24668DCC00C0D07C /* BaseService.swift in Sources */,
				22B626302466A07100C0D07C /* MatchDetailTableViewCell.swift in Sources */,
				2217EF99246689D90065E17F /* MatchesViewController.swift in Sources */,
				2217EF5D2466855E0065E17F /* SceneDelegate.swift in Sources */,
				2217EF8F246688700065E17F /* JsonHelper.swift in Sources */,
				2217EF97246689B70065E17F /* MatchesInteractor.swift in Sources */,
				2217EF9F24668B500065E17F /* MatchRequest.swift in Sources */,
				22B6263A2466B5AE00C0D07C /* DBHelper.swift in Sources */,
				2217EF89246687E60065E17F /* Constants.swift in Sources */,
				2217EFA324668BC70065E17F /* DataProvider.swift in Sources */,
				2217EFA124668BAA0065E17F /* MatchesWorker.swift in Sources */,
				22B626372466AAE000C0D07C /* MenuTableViewController.swift in Sources */,
				2217EFA524668C1F0065E17F /* MatchesService.swift in Sources */,
				22B6263C2466B6DC00C0D07C /* SavedMatch.swift in Sources */,
				2217EF9D246689F40065E17F /* MatchesRouter.swift in Sources */,
				2217EF8C246688420065E17F /* Extensions.swift in Sources */,
			);
			runOnlyForDeploymentPostprocessing = 0;
		};
		2217EF692466855E0065E17F /* Sources */ = {
			isa = PBXSourcesBuildPhase;
			buildActionMask = 2147483647;
			files = (
				2217EF722466855E0065E17F /* MatchesManagerTests.swift in Sources */,
			);
			runOnlyForDeploymentPostprocessing = 0;
		};
/* End PBXSourcesBuildPhase section */

/* Begin PBXTargetDependency section */
		2217EF6F2466855E0065E17F /* PBXTargetDependency */ = {
			isa = PBXTargetDependency;
			target = 2217EF562466855E0065E17F /* MatchesManager */;
			targetProxy = 2217EF6E2466855E0065E17F /* PBXContainerItemProxy */;
		};
/* End PBXTargetDependency section */

/* Begin PBXVariantGroup section */
		2217EF602466855E0065E17F /* Main.storyboard */ = {
			isa = PBXVariantGroup;
			children = (
				2217EF612466855E0065E17F /* Base */,
			);
			name = Main.storyboard;
			sourceTree = "<group>";
		};
		2217EF652466855E0065E17F /* LaunchScreen.storyboard */ = {
			isa = PBXVariantGroup;
			children = (
				2217EF662466855E0065E17F /* Base */,
			);
			name = LaunchScreen.storyboard;
			sourceTree = "<group>";
		};
/* End PBXVariantGroup section */

/* Begin XCBuildConfiguration section */
		2217EF742466855E0065E17F /* Debug */ = {
			isa = XCBuildConfiguration;
			buildSettings = {
				ALWAYS_SEARCH_USER_PATHS = NO;
				CLANG_ANALYZER_NONNULL = YES;
				CLANG_ANALYZER_NUMBER_OBJECT_CONVERSION = YES_AGGRESSIVE;
				CLANG_CXX_LANGUAGE_STANDARD = "gnu++14";
				CLANG_CXX_LIBRARY = "libc++";
				CLANG_ENABLE_MODULES = YES;
				CLANG_ENABLE_OBJC_ARC = YES;
				CLANG_ENABLE_OBJC_WEAK = YES;
				CLANG_WARN_BLOCK_CAPTURE_AUTORELEASING = YES;
				CLANG_WARN_BOOL_CONVERSION = YES;
				CLANG_WARN_COMMA = YES;
				CLANG_WARN_CONSTANT_CONVERSION = YES;
				CLANG_WARN_DEPRECATED_OBJC_IMPLEMENTATIONS = YES;
				CLANG_WARN_DIRECT_OBJC_ISA_USAGE = YES_ERROR;
				CLANG_WARN_DOCUMENTATION_COMMENTS = YES;
				CLANG_WARN_EMPTY_BODY = YES;
				CLANG_WARN_ENUM_CONVERSION = YES;
				CLANG_WARN_INFINITE_RECURSION = YES;
				CLANG_WARN_INT_CONVERSION = YES;
				CLANG_WARN_NON_LITERAL_NULL_CONVERSION = YES;
				CLANG_WARN_OBJC_IMPLICIT_RETAIN_SELF = YES;
				CLANG_WARN_OBJC_LITERAL_CONVERSION = YES;
				CLANG_WARN_OBJC_ROOT_CLASS = YES_ERROR;
				CLANG_WARN_RANGE_LOOP_ANALYSIS = YES;
				CLANG_WARN_STRICT_PROTOTYPES = YES;
				CLANG_WARN_SUSPICIOUS_MOVE = YES;
				CLANG_WARN_UNGUARDED_AVAILABILITY = YES_AGGRESSIVE;
				CLANG_WARN_UNREACHABLE_CODE = YES;
				CLANG_WARN__DUPLICATE_METHOD_MATCH = YES;
				COPY_PHASE_STRIP = NO;
				DEBUG_INFORMATION_FORMAT = dwarf;
				ENABLE_STRICT_OBJC_MSGSEND = YES;
				ENABLE_TESTABILITY = YES;
				GCC_C_LANGUAGE_STANDARD = gnu11;
				GCC_DYNAMIC_NO_PIC = NO;
				GCC_NO_COMMON_BLOCKS = YES;
				GCC_OPTIMIZATION_LEVEL = 0;
				GCC_PREPROCESSOR_DEFINITIONS = (
					"DEBUG=1",
					"$(inherited)",
				);
				GCC_WARN_64_TO_32_BIT_CONVERSION = YES;
				GCC_WARN_ABOUT_RETURN_TYPE = YES_ERROR;
				GCC_WARN_UNDECLARED_SELECTOR = YES;
				GCC_WARN_UNINITIALIZED_AUTOS = YES_AGGRESSIVE;
				GCC_WARN_UNUSED_FUNCTION = YES;
				GCC_WARN_UNUSED_VARIABLE = YES;
				IPHONEOS_DEPLOYMENT_TARGET = 13.0;
				MTL_ENABLE_DEBUG_INFO = INCLUDE_SOURCE;
				MTL_FAST_MATH = YES;
				ONLY_ACTIVE_ARCH = YES;
				SDKROOT = iphoneos;
				SWIFT_ACTIVE_COMPILATION_CONDITIONS = DEBUG;
				SWIFT_OPTIMIZATION_LEVEL = "-Onone";
			};
			name = Debug;
		};
		2217EF752466855E0065E17F /* Release */ = {
			isa = XCBuildConfiguration;
			buildSettings = {
				ALWAYS_SEARCH_USER_PATHS = NO;
				CLANG_ANALYZER_NONNULL = YES;
				CLANG_ANALYZER_NUMBER_OBJECT_CONVERSION = YES_AGGRESSIVE;
				CLANG_CXX_LANGUAGE_STANDARD = "gnu++14";
				CLANG_CXX_LIBRARY = "libc++";
				CLANG_ENABLE_MODULES = YES;
				CLANG_ENABLE_OBJC_ARC = YES;
				CLANG_ENABLE_OBJC_WEAK = YES;
				CLANG_WARN_BLOCK_CAPTURE_AUTORELEASING = YES;
				CLANG_WARN_BOOL_CONVERSION = YES;
				CLANG_WARN_COMMA = YES;
				CLANG_WARN_CONSTANT_CONVERSION = YES;
				CLANG_WARN_DEPRECATED_OBJC_IMPLEMENTATIONS = YES;
				CLANG_WARN_DIRECT_OBJC_ISA_USAGE = YES_ERROR;
				CLANG_WARN_DOCUMENTATION_COMMENTS = YES;
				CLANG_WARN_EMPTY_BODY = YES;
				CLANG_WARN_ENUM_CONVERSION = YES;
				CLANG_WARN_INFINITE_RECURSION = YES;
				CLANG_WARN_INT_CONVERSION = YES;
				CLANG_WARN_NON_LITERAL_NULL_CONVERSION = YES;
				CLANG_WARN_OBJC_IMPLICIT_RETAIN_SELF = YES;
				CLANG_WARN_OBJC_LITERAL_CONVERSION = YES;
				CLANG_WARN_OBJC_ROOT_CLASS = YES_ERROR;
				CLANG_WARN_RANGE_LOOP_ANALYSIS = YES;
				CLANG_WARN_STRICT_PROTOTYPES = YES;
				CLANG_WARN_SUSPICIOUS_MOVE = YES;
				CLANG_WARN_UNGUARDED_AVAILABILITY = YES_AGGRESSIVE;
				CLANG_WARN_UNREACHABLE_CODE = YES;
				CLANG_WARN__DUPLICATE_METHOD_MATCH = YES;
				COPY_PHASE_STRIP = NO;
				DEBUG_INFORMATION_FORMAT = "dwarf-with-dsym";
				ENABLE_NS_ASSERTIONS = NO;
				ENABLE_STRICT_OBJC_MSGSEND = YES;
				GCC_C_LANGUAGE_STANDARD = gnu11;
				GCC_NO_COMMON_BLOCKS = YES;
				GCC_WARN_64_TO_32_BIT_CONVERSION = YES;
				GCC_WARN_ABOUT_RETURN_TYPE = YES_ERROR;
				GCC_WARN_UNDECLARED_SELECTOR = YES;
				GCC_WARN_UNINITIALIZED_AUTOS = YES_AGGRESSIVE;
				GCC_WARN_UNUSED_FUNCTION = YES;
				GCC_WARN_UNUSED_VARIABLE = YES;
				IPHONEOS_DEPLOYMENT_TARGET = 13.0;
				MTL_ENABLE_DEBUG_INFO = NO;
				MTL_FAST_MATH = YES;
				SDKROOT = iphoneos;
				SWIFT_COMPILATION_MODE = wholemodule;
				SWIFT_OPTIMIZATION_LEVEL = "-O";
				VALIDATE_PRODUCT = YES;
			};
			name = Release;
		};
		2217EF772466855E0065E17F /* Debug */ = {
			isa = XCBuildConfiguration;
			buildSettings = {
				ASSETCATALOG_COMPILER_APPICON_NAME = AppIcon;
				CLANG_ENABLE_MODULES = YES;
				CODE_SIGN_STYLE = Automatic;
				INFOPLIST_FILE = MatchesManager/Info.plist;
				LD_RUNPATH_SEARCH_PATHS = (
					"$(inherited)",
					"@executable_path/Frameworks",
				);
				PRODUCT_BUNDLE_IDENTIFIER = com.test.MatachesManager.MatchesManager;
				PRODUCT_NAME = "$(TARGET_NAME)";
				SWIFT_OBJC_BRIDGING_HEADER = "MatchesManager/Views/SWRevealViewController/MatchesManager-Bridging-Header.h";
				SWIFT_OPTIMIZATION_LEVEL = "-Onone";
				SWIFT_VERSION = 5.0;
				TARGETED_DEVICE_FAMILY = "1,2";
			};
			name = Debug;
		};
		2217EF782466855E0065E17F /* Release */ = {
			isa = XCBuildConfiguration;
			buildSettings = {
				ASSETCATALOG_COMPILER_APPICON_NAME = AppIcon;
				CLANG_ENABLE_MODULES = YES;
				CODE_SIGN_STYLE = Automatic;
				INFOPLIST_FILE = MatchesManager/Info.plist;
				LD_RUNPATH_SEARCH_PATHS = (
					"$(inherited)",
					"@executable_path/Frameworks",
				);
				PRODUCT_BUNDLE_IDENTIFIER = com.test.MatachesManager.MatchesManager;
				PRODUCT_NAME = "$(TARGET_NAME)";
				SWIFT_OBJC_BRIDGING_HEADER = "MatchesManager/Views/SWRevealViewController/MatchesManager-Bridging-Header.h";
				SWIFT_VERSION = 5.0;
				TARGETED_DEVICE_FAMILY = "1,2";
			};
			name = Release;
		};
		2217EF7A2466855E0065E17F /* Debug */ = {
			isa = XCBuildConfiguration;
			buildSettings = {
				ALWAYS_EMBED_SWIFT_STANDARD_LIBRARIES = YES;
				BUNDLE_LOADER = "$(TEST_HOST)";
				CODE_SIGN_STYLE = Automatic;
				INFOPLIST_FILE = MatchesManagerTests/Info.plist;
				LD_RUNPATH_SEARCH_PATHS = (
					"$(inherited)",
					"@executable_path/Frameworks",
					"@loader_path/Frameworks",
				);
				PRODUCT_BUNDLE_IDENTIFIER = com.test.MatachesManager.MatchesManagerTests;
				PRODUCT_NAME = "$(TARGET_NAME)";
				SWIFT_VERSION = 5.0;
				TARGETED_DEVICE_FAMILY = "1,2";
				TEST_HOST = "$(BUILT_PRODUCTS_DIR)/MatchesManager.app/MatchesManager";
			};
			name = Debug;
		};
		2217EF7B2466855E0065E17F /* Release */ = {
			isa = XCBuildConfiguration;
			buildSettings = {
				ALWAYS_EMBED_SWIFT_STANDARD_LIBRARIES = YES;
				BUNDLE_LOADER = "$(TEST_HOST)";
				CODE_SIGN_STYLE = Automatic;
				INFOPLIST_FILE = MatchesManagerTests/Info.plist;
				LD_RUNPATH_SEARCH_PATHS = (
					"$(inherited)",
					"@executable_path/Frameworks",
					"@loader_path/Frameworks",
				);
				PRODUCT_BUNDLE_IDENTIFIER = com.test.MatachesManager.MatchesManagerTests;
				PRODUCT_NAME = "$(TARGET_NAME)";
				SWIFT_VERSION = 5.0;
				TARGETED_DEVICE_FAMILY = "1,2";
				TEST_HOST = "$(BUILT_PRODUCTS_DIR)/MatchesManager.app/MatchesManager";
			};
			name = Release;
		};
/* End XCBuildConfiguration section */

/* Begin XCConfigurationList section */
		2217EF522466855E0065E17F /* Build configuration list for PBXProject "MatchesManager" */ = {
			isa = XCConfigurationList;
			buildConfigurations = (
				2217EF742466855E0065E17F /* Debug */,
				2217EF752466855E0065E17F /* Release */,
			);
			defaultConfigurationIsVisible = 0;
			defaultConfigurationName = Release;
		};
		2217EF762466855E0065E17F /* Build configuration list for PBXNativeTarget "MatchesManager" */ = {
			isa = XCConfigurationList;
			buildConfigurations = (
				2217EF772466855E0065E17F /* Debug */,
				2217EF782466855E0065E17F /* Release */,
			);
			defaultConfigurationIsVisible = 0;
			defaultConfigurationName = Release;
		};
		2217EF792466855E0065E17F /* Build configuration list for PBXNativeTarget "MatchesManagerTests" */ = {
			isa = XCConfigurationList;
			buildConfigurations = (
				2217EF7A2466855E0065E17F /* Debug */,
				2217EF7B2466855E0065E17F /* Release */,
			);
			defaultConfigurationIsVisible = 0;
			defaultConfigurationName = Release;
		};
/* End XCConfigurationList section */
	};
	rootObject = 2217EF4F2466855E0065E17F /* Project object */;
}
